Microsoft Visual Studio Solution File, Format Version 11.00
# Visual Studio 2008

Project("{6C39993E-03E3-A186-3D07-0AA9BF101661}") = "Ninja Dive", "Assembly-CSharp-firstpass.csproj", "{70D86FC0-8E6D-531A-5450-A305D2E738FB}"
EndProject
Project("{6C39993E-03E3-A186-3D07-0AA9BF101661}") = "Ninja Dive", "Assembly-CSharp.csproj", "{F3FD819C-E7EE-8AA0-95CA-52A0DFF9249F}"
EndProject
Project("{6C39993E-03E3-A186-3D07-0AA9BF101661}") = "Ninja Dive", "Assembly-CSharp-Editor.csproj", "{A5354A0E-142C-7623-F02A-A2C90F470812}"
EndProject
Global
	GlobalSection(SolutionConfigurationPlatforms) = preSolution
		Debug|Any CPU = Debug|Any CPU
		Release|Any CPU = Release|Any CPU
	EndGlobalSection
	GlobalSection(ProjectConfigurationPlatforms) = postSolution
		{70D86FC0-8E6D-531A-5450-A305D2E738FB}.Debug|Any CPU.ActiveCfg = Debug|Any CPU
		{70D86FC0-8E6D-531A-5450-A305D2E738FB}.Debug|Any CPU.Build.0 = Debug|Any CPU
		{70D86FC0-8E6D-531A-5450-A305D2E738FB}.Release|Any CPU.ActiveCfg = Release|Any CPU
		{70D86FC0-8E6D-531A-5450-A305D2E738FB}.Release|Any CPU.Build.0 = Release|Any CPU
		{F3FD819C-E7EE-8AA0-95CA-52A0DFF9249F}.Debug|Any CPU.ActiveCfg = Debug|Any CPU
		{F3FD819C-E7EE-8AA0-95CA-52A0DFF9249F}.Debug|Any CPU.Build.0 = Debug|Any CPU
		{F3FD819C-E7EE-8AA0-95CA-52A0DFF9249F}.Release|Any CPU.ActiveCfg = Release|Any CPU
		{F3FD819C-E7EE-8AA0-95CA-52A0DFF9249F}.Release|Any CPU.Build.0 = Release|Any CPU
		{A5354A0E-142C-7623-F02A-A2C90F470812}.Debug|Any CPU.ActiveCfg = Debug|Any CPU
		{A5354A0E-142C-7623-F02A-A2C90F470812}.Debug|Any CPU.Build.0 = Debug|Any CPU
		{A5354A0E-142C-7623-F02A-A2C90F470812}.Release|Any CPU.ActiveCfg = Release|Any CPU
		{A5354A0E-142C-7623-F02A-A2C90F470812}.Release|Any CPU.Build.0 = Release|Any CPU
	EndGlobalSection
	GlobalSection(SolutionProperties) = preSolution
		HideSolutionNode = FALSE
	EndGlobalSection
	GlobalSection(MonoDevelopProperties) = preSolution
		StartupItem = Assembly-CSharp.csproj
	EndGlobalSection
EndGlobal
